
Microsoft Visual Studio Solution File, Format Version 12.00
# Visual Studio Version 16
VisualStudioVersion = 16.0.32002.261
MinimumVisualStudioVersion = 10.0.40219.1
Project("{FAE04EC0-301F-11D3-BF4B-00C04F79EFBC}") = "QuanLyRapChieuPhimCGV", "QuanLyRapChieuPhimCGV\QuanLyRapChieuPhimCGV.csproj", "{E8DEFE91-6832-47A4-B988-95F1AA41BF40}"
EndProject
Global
	GlobalSection(SolutionConfigurationPlatforms) = preSolution
		Debug|Any CPU = Debug|Any CPU
		Release|Any CPU = Release|Any CPU
	EndGlobalSection
	GlobalSection(ProjectConfigurationPlatforms) = postSolution
		{E8DEFE91-6832-47A4-B988-95F1AA41BF40}.Debug|Any CPU.ActiveCfg = Debug|Any CPU
		{E8DEFE91-6832-47A4-B988-95F1AA41BF40}.Debug|Any CPU.Build.0 = Debug|Any CPU
		{E8DEFE91-6832-47A4-B988-95F1AA41BF40}.Release|Any CPU.ActiveCfg = Release|Any CPU
		{E8DEFE91-6832-47A4-B988-95F1AA41BF40}.Release|Any CPU.Build.0 = Release|Any CPU
	EndGlobalSection
	GlobalSection(SolutionProperties) = preSolution
		HideSolutionNode = FALSE
	EndGlobalSection
	GlobalSection(ExtensibilityGlobals) = postSolution
		SolutionGuid = {01446863-16DB-4694-98E2-9990822F03E8}
	EndGlobalSection
EndGlobal
